<?xml version="1.0" encoding="UTF-8"?>
<Scheme
   LastUpgradeVersion = "1330"
   version = "2.0">
   <BuildAction
      parallelizeBuildables = "YES"
      buildImplicitDependencies = "YES">
      <BuildActionEntries>
         <BuildActionEntry
            buildForTesting = "YES"
            buildForRunning = "YES"
            buildForProfiling = "YES"
            buildForArchiving = "YES"
            buildForAnalyzing = "YES">
            <BuildableReference
               BuildableIdentifier = "primary"
               BlueprintIdentifier = "2382CD872686FD2F00EDF9DB"
               BuildableName = "vk_parameter_zoo_bug_1"
               BlueprintName = "vk_parameter_zoo_bug_1"
               ReferencedContainer = "container:MoltenVK-Tests.xcodeproj">
            </BuildableReference>
         </BuildActionEntry>
      </BuildActionEntries>
   </BuildAction>
   <TestAction
      buildConfiguration = "Debug"
      selectedDebuggerIdentifier = "Xcode.DebuggerFoundation.Debugger.LLDB"
      selectedLauncherIdentifier = "Xcode.DebuggerFoundation.Launcher.LLDB"
      shouldUseLaunchSchemeArgsEnv = "YES">
      <Testables>
      </Testables>
   </TestAction>
   <LaunchAction
      buildConfiguration = "Debug"
      selectedDebuggerIdentifier = "Xcode.DebuggerFoundation.Debugger.LLDB"
      selectedLauncherIdentifier = "Xcode.DebuggerFoundation.Launcher.LLDB"
      launchStyle = "0"
      useCustomWorkingDirectory = "YES"
      customWorkingDirectory = "/Users/jake/Workspace/personal/MoltenVK-Tests"
      ignoresPersistentStateOnLaunch = "NO"
      debugDocumentVersioning = "YES"
      debugXPCServices = "NO"
      debugServiceExtension = "internal"
      allowLocationSimulation = "NO"
      viewDebuggingEnabled = "No">
      <BuildableProductRunnable
         runnableDebuggingMode = "0">
         <BuildableReference
            BuildableIdentifier = "primary"
            BlueprintIdentifier = "2382CD872686FD2F00EDF9DB"
            BuildableName = "vk_parameter_zoo_bug_1"
            BlueprintName = "vk_parameter_zoo_bug_1"
            ReferencedContainer = "container:MoltenVK-Tests.xcodeproj">
         </BuildableReference>
      </BuildableProductRunnable>
      <EnvironmentVariables>
         <EnvironmentVariable
            key = "VK_ICD_FILENAMES"
            value = "/Users/jake/Workspace/personal/MoltenVK/MoltenVK/icd/MoltenVK_icd.json"
            isEnabled = "NO">
         </EnvironmentVariable>
         <EnvironmentVariable
            key = "VK_LOADER_DEBUG"
            value = "all"
            isEnabled = "NO">
         </EnvironmentVariable>
         <EnvironmentVariable
            key = "VK_LAYER_PATH"
            value = "/Users/jake/VulkanSDK/1.2.176.1/macOS/share/vulkan/explicit_layer.d"
            isEnabled = "NO">
         </EnvironmentVariable>
      </EnvironmentVariables>
   </LaunchAction>
   <ProfileAction
      buildConfiguration = "Release"
      shouldUseLaunchSchemeArgsEnv = "YES"
      savedToolIdentifier = ""
      useCustomWorkingDirectory = "NO"
      debugDocumentVersioning = "YES">
      <BuildableProductRunnable
         runnableDebuggingMode = "0">
         <BuildableReference
            BuildableIdentifier = "primary"
            BlueprintIdentifier = "2382CD872686FD2F00EDF9DB"
            BuildableName = "vk_parameter_zoo_bug_1"
            BlueprintName = "vk_parameter_zoo_bug_1"
            ReferencedContainer = "container:MoltenVK-Tests.xcodeproj">
         </BuildableReference>
      </BuildableProductRunnable>
   </ProfileAction>
   <AnalyzeAction
      buildConfiguration = "Debug">
   </AnalyzeAction>
   <ArchiveAction
      buildConfiguration = "Release"
      revealArchiveInOrganizer = "YES">
   </ArchiveAction>
</Scheme>
