// !$*UTF8*$!
{
	archiveVersion = 1;
	classes = {
	};
	objectVersion = 54;
	objects = {

/* Begin PBXBuildFile section */
		2382CD8F2686FDCA00EDF9DB /* cocoa_window.mm in Sources */ = {isa = PBXBuildFile; fileRef = 23A53560267BE4DB00E4656A /* cocoa_window.mm */; };
		2382CD902686FDCD00EDF9DB /* common.cpp in Sources */ = {isa = PBXBuildFile; fileRef = 2382CD812686F56400EDF9DB /* common.cpp */; };
		2382CD912686FE5100EDF9DB /* IOSurface.framework in Frameworks */ = {isa = PBXBuildFile; fileRef = 23A5358C267F2FDB00E4656A /* IOSurface.framework */; };
		2382CD922686FE5A00EDF9DB /* IOKit.framework in Frameworks */ = {isa = PBXBuildFile; fileRef = 23A53587267F2F9500E4656A /* IOKit.framework */; };
		2382CD932686FE5F00EDF9DB /* AppKit.framework in Frameworks */ = {isa = PBXBuildFile; fileRef = 23A53565267BE5DF00E4656A /* AppKit.framework */; };
		2382CD962686FE7300EDF9DB /* Metal.framework in Frameworks */ = {isa = PBXBuildFile; fileRef = 23A53589267F2FB000E4656A /* Metal.framework */; };
		2382CD972686FE7C00EDF9DB /* QuartzCore.framework in Frameworks */ = {isa = PBXBuildFile; fileRef = 23A53563267BE5C700E4656A /* QuartzCore.framework */; };
		2382CD982686FE8E00EDF9DB /* libMoltenVK.a in Frameworks */ = {isa = PBXBuildFile; fileRef = 23A53583267F2E1E00E4656A /* libMoltenVK.a */; };
		2382CD9B2686FF1500EDF9DB /* common.cpp in Sources */ = {isa = PBXBuildFile; fileRef = 2382CD812686F56400EDF9DB /* common.cpp */; };
		2382CD9C2686FF1500EDF9DB /* cocoa_window.mm in Sources */ = {isa = PBXBuildFile; fileRef = 23A53560267BE4DB00E4656A /* cocoa_window.mm */; };
		2382CD9F2686FF1500EDF9DB /* libMoltenVK.a in Frameworks */ = {isa = PBXBuildFile; fileRef = 23A53583267F2E1E00E4656A /* libMoltenVK.a */; };
		2382CDA02686FF1500EDF9DB /* QuartzCore.framework in Frameworks */ = {isa = PBXBuildFile; fileRef = 23A53563267BE5C700E4656A /* QuartzCore.framework */; };
		2382CDA12686FF1500EDF9DB /* Metal.framework in Frameworks */ = {isa = PBXBuildFile; fileRef = 23A53589267F2FB000E4656A /* Metal.framework */; };
		2382CDA22686FF1500EDF9DB /* AppKit.framework in Frameworks */ = {isa = PBXBuildFile; fileRef = 23A53565267BE5DF00E4656A /* AppKit.framework */; };
		2382CDA32686FF1500EDF9DB /* IOKit.framework in Frameworks */ = {isa = PBXBuildFile; fileRef = 23A53587267F2F9500E4656A /* IOKit.framework */; };
		2382CDA42686FF1500EDF9DB /* IOSurface.framework in Frameworks */ = {isa = PBXBuildFile; fileRef = 23A5358C267F2FDB00E4656A /* IOSurface.framework */; };
		2382CDAB2687003600EDF9DB /* bug1.cpp in Sources */ = {isa = PBXBuildFile; fileRef = 2382CD8A2686FD2F00EDF9DB /* bug1.cpp */; };
		2382CDAE268700E400EDF9DB /* bug2.cpp in Sources */ = {isa = PBXBuildFile; fileRef = 2382CDAC268700C000EDF9DB /* bug2.cpp */; };
		2382CDB1268701F400EDF9DB /* common.cpp in Sources */ = {isa = PBXBuildFile; fileRef = 2382CD812686F56400EDF9DB /* common.cpp */; };
		2382CDB2268701F400EDF9DB /* cocoa_window.mm in Sources */ = {isa = PBXBuildFile; fileRef = 23A53560267BE4DB00E4656A /* cocoa_window.mm */; };
		2382CDB5268701F400EDF9DB /* libMoltenVK.a in Frameworks */ = {isa = PBXBuildFile; fileRef = 23A53583267F2E1E00E4656A /* libMoltenVK.a */; };
		2382CDB6268701F400EDF9DB /* QuartzCore.framework in Frameworks */ = {isa = PBXBuildFile; fileRef = 23A53563267BE5C700E4656A /* QuartzCore.framework */; };
		2382CDB7268701F400EDF9DB /* Metal.framework in Frameworks */ = {isa = PBXBuildFile; fileRef = 23A53589267F2FB000E4656A /* Metal.framework */; };
		2382CDB8268701F400EDF9DB /* AppKit.framework in Frameworks */ = {isa = PBXBuildFile; fileRef = 23A53565267BE5DF00E4656A /* AppKit.framework */; };
		2382CDB9268701F400EDF9DB /* IOKit.framework in Frameworks */ = {isa = PBXBuildFile; fileRef = 23A53587267F2F9500E4656A /* IOKit.framework */; };
		2382CDBA268701F400EDF9DB /* IOSurface.framework in Frameworks */ = {isa = PBXBuildFile; fileRef = 23A5358C267F2FDB00E4656A /* IOSurface.framework */; };
		2382CDC12687023800EDF9DB /* bug3.cpp in Sources */ = {isa = PBXBuildFile; fileRef = 2382CDC02687023800EDF9DB /* bug3.cpp */; };
/* End PBXBuildFile section */

/* Begin PBXContainerItemProxy section */
		23A5357E267F2E1E00E4656A /* PBXContainerItemProxy */ = {
			isa = PBXContainerItemProxy;
			containerPortal = 23A53577267F2E1D00E4656A /* MoltenVK.xcodeproj */;
			proxyType = 2;
			remoteGlobalIDString = A9B8EE0A1A98D796009C5A02;
			remoteInfo = "MoltenVK-iOS";
		};
		23A53580267F2E1E00E4656A /* PBXContainerItemProxy */ = {
			isa = PBXContainerItemProxy;
			containerPortal = 23A53577267F2E1D00E4656A /* MoltenVK.xcodeproj */;
			proxyType = 2;
			remoteGlobalIDString = 2FEA0ABA24902F9F00EEF3AD;
			remoteInfo = "MoltenVK-tvOS";
		};
		23A53582267F2E1E00E4656A /* PBXContainerItemProxy */ = {
			isa = PBXContainerItemProxy;
			containerPortal = 23A53577267F2E1D00E4656A /* MoltenVK.xcodeproj */;
			proxyType = 2;
			remoteGlobalIDString = A9CBEE011B6299D800E45FDC;
			remoteInfo = "MoltenVK-macOS";
		};
/* End PBXContainerItemProxy section */

/* Begin PBXCopyFilesBuildPhase section */
		2382CD862686FD2F00EDF9DB /* CopyFiles */ = {
			isa = PBXCopyFilesBuildPhase;
			buildActionMask = 2147483647;
			dstPath = /usr/share/man/man1/;
			dstSubfolderSpec = 0;
			files = (
			);
			runOnlyForDeploymentPostprocessing = 1;
		};
		2382CDA52686FF1500EDF9DB /* CopyFiles */ = {
			isa = PBXCopyFilesBuildPhase;
			buildActionMask = 2147483647;
			dstPath = /usr/share/man/man1/;
			dstSubfolderSpec = 0;
			files = (
			);
			runOnlyForDeploymentPostprocessing = 1;
		};
		2382CDBB268701F400EDF9DB /* CopyFiles */ = {
			isa = PBXCopyFilesBuildPhase;
			buildActionMask = 2147483647;
			dstPath = /usr/share/man/man1/;
			dstSubfolderSpec = 0;
			files = (
			);
			runOnlyForDeploymentPostprocessing = 1;
		};
/* End PBXCopyFilesBuildPhase section */

/* Begin PBXFileReference section */
		2382CD812686F56400EDF9DB /* common.cpp */ = {isa = PBXFileReference; lastKnownFileType = sourcecode.cpp.cpp; path = common.cpp; sourceTree = "<group>"; };
		2382CD822686F56400EDF9DB /* common.hpp */ = {isa = PBXFileReference; lastKnownFileType = sourcecode.cpp.h; path = common.hpp; sourceTree = "<group>"; };
		2382CD8A2686FD2F00EDF9DB /* bug1.cpp */ = {isa = PBXFileReference; lastKnownFileType = sourcecode.cpp.cpp; path = bug1.cpp; sourceTree = "<group>"; };
		2382CD942686FE6900EDF9DB /* MetalKit.framework */ = {isa = PBXFileReference; lastKnownFileType = wrapper.framework; name = MetalKit.framework; path = System/Library/Frameworks/MetalKit.framework; sourceTree = SDKROOT; };
		2382CDAC268700C000EDF9DB /* bug2.cpp */ = {isa = PBXFileReference; fileEncoding = 4; lastKnownFileType = sourcecode.cpp.cpp; path = bug2.cpp; sourceTree = "<group>"; };
		2382CDC02687023800EDF9DB /* bug3.cpp */ = {isa = PBXFileReference; fileEncoding = 4; lastKnownFileType = sourcecode.cpp.cpp; path = bug3.cpp; sourceTree = "<group>"; };
		2382CDC2268702D300EDF9DB /* vk_parameter_zoo_bug_1 */ = {isa = PBXFileReference; explicitFileType = "compiled.mach-o.executable"; includeInIndex = 0; path = vk_parameter_zoo_bug_1; sourceTree = BUILT_PRODUCTS_DIR; };
		2382CDC3268702D600EDF9DB /* vk_parameter_zoo_bug_2 */ = {isa = PBXFileReference; explicitFileType = "compiled.mach-o.executable"; includeInIndex = 0; path = vk_parameter_zoo_bug_2; sourceTree = BUILT_PRODUCTS_DIR; };
		2382CDC4268702DA00EDF9DB /* vk_parameter_zoo_bug_3 */ = {isa = PBXFileReference; explicitFileType = "compiled.mach-o.executable"; includeInIndex = 0; path = vk_parameter_zoo_bug_3; sourceTree = BUILT_PRODUCTS_DIR; };
		23A53560267BE4DB00E4656A /* cocoa_window.mm */ = {isa = PBXFileReference; fileEncoding = 4; lastKnownFileType = sourcecode.cpp.objcpp; path = cocoa_window.mm; sourceTree = "<group>"; };
		23A53563267BE5C700E4656A /* QuartzCore.framework */ = {isa = PBXFileReference; lastKnownFileType = wrapper.framework; name = QuartzCore.framework; path = System/Library/Frameworks/QuartzCore.framework; sourceTree = SDKROOT; };
		23A53565267BE5DF00E4656A /* AppKit.framework */ = {isa = PBXFileReference; lastKnownFileType = wrapper.framework; name = AppKit.framework; path = System/Library/Frameworks/AppKit.framework; sourceTree = SDKROOT; };
		23A53567267DBDCB00E4656A /* libMoltenVK.dylib */ = {isa = PBXFileReference; lastKnownFileType = "compiled.mach-o.dylib"; name = libMoltenVK.dylib; path = ../MoltenVK/Package/Debug/MoltenVK/dylib/macOS/libMoltenVK.dylib; sourceTree = "<group>"; };
		23A5356B267DBF7400E4656A /* libvulkan.1.2.176.dylib */ = {isa = PBXFileReference; lastKnownFileType = "compiled.mach-o.dylib"; name = libvulkan.1.2.176.dylib; path = ../../../../../usr/local/lib/libvulkan.1.2.176.dylib; sourceTree = "<group>"; };
		23A53573267E4E4A00E4656A /* vert.glsl */ = {isa = PBXFileReference; lastKnownFileType = text; path = vert.glsl; sourceTree = "<group>"; };
		23A53574267E4E6E00E4656A /* frag.glsl */ = {isa = PBXFileReference; lastKnownFileType = text; path = frag.glsl; sourceTree = "<group>"; };
		23A53575267E4F2F00E4656A /* vert.spv */ = {isa = PBXFileReference; lastKnownFileType = file; path = vert.spv; sourceTree = "<group>"; };
		23A53576267E4F2F00E4656A /* frag.spv */ = {isa = PBXFileReference; lastKnownFileType = file; path = frag.spv; sourceTree = "<group>"; };
		23A53577267F2E1D00E4656A /* MoltenVK.xcodeproj */ = {isa = PBXFileReference; lastKnownFileType = "wrapper.pb-project"; name = MoltenVK.xcodeproj; path = ../MoltenVK/MoltenVK/MoltenVK.xcodeproj; sourceTree = "<group>"; };
		23A53587267F2F9500E4656A /* IOKit.framework */ = {isa = PBXFileReference; lastKnownFileType = wrapper.framework; name = IOKit.framework; path = System/Library/Frameworks/IOKit.framework; sourceTree = SDKROOT; };
		23A53589267F2FB000E4656A /* Metal.framework */ = {isa = PBXFileReference; lastKnownFileType = wrapper.framework; name = Metal.framework; path = System/Library/Frameworks/Metal.framework; sourceTree = SDKROOT; };
		23A5358C267F2FDB00E4656A /* IOSurface.framework */ = {isa = PBXFileReference; lastKnownFileType = wrapper.framework; name = IOSurface.framework; path = System/Library/Frameworks/IOSurface.framework; sourceTree = SDKROOT; };
/* End PBXFileReference section */

/* Begin PBXFrameworksBuildPhase section */
		2382CD852686FD2F00EDF9DB /* Frameworks */ = {
			isa = PBXFrameworksBuildPhase;
			buildActionMask = 2147483647;
			files = (
				2382CD982686FE8E00EDF9DB /* libMoltenVK.a in Frameworks */,
				2382CD972686FE7C00EDF9DB /* QuartzCore.framework in Frameworks */,
				2382CD962686FE7300EDF9DB /* Metal.framework in Frameworks */,
				2382CD932686FE5F00EDF9DB /* AppKit.framework in Frameworks */,
				2382CD922686FE5A00EDF9DB /* IOKit.framework in Frameworks */,
				2382CD912686FE5100EDF9DB /* IOSurface.framework in Frameworks */,
			);
			runOnlyForDeploymentPostprocessing = 0;
		};
		2382CD9E2686FF1500EDF9DB /* Frameworks */ = {
			isa = PBXFrameworksBuildPhase;
			buildActionMask = 2147483647;
			files = (
				2382CD9F2686FF1500EDF9DB /* libMoltenVK.a in Frameworks */,
				2382CDA02686FF1500EDF9DB /* QuartzCore.framework in Frameworks */,
				2382CDA12686FF1500EDF9DB /* Metal.framework in Frameworks */,
				2382CDA22686FF1500EDF9DB /* AppKit.framework in Frameworks */,
				2382CDA32686FF1500EDF9DB /* IOKit.framework in Frameworks */,
				2382CDA42686FF1500EDF9DB /* IOSurface.framework in Frameworks */,
			);
			runOnlyForDeploymentPostprocessing = 0;
		};
		2382CDB4268701F400EDF9DB /* Frameworks */ = {
			isa = PBXFrameworksBuildPhase;
			buildActionMask = 2147483647;
			files = (
				2382CDB5268701F400EDF9DB /* libMoltenVK.a in Frameworks */,
				2382CDB6268701F400EDF9DB /* QuartzCore.framework in Frameworks */,
				2382CDB7268701F400EDF9DB /* Metal.framework in Frameworks */,
				2382CDB8268701F400EDF9DB /* AppKit.framework in Frameworks */,
				2382CDB9268701F400EDF9DB /* IOKit.framework in Frameworks */,
				2382CDBA268701F400EDF9DB /* IOSurface.framework in Frameworks */,
			);
			runOnlyForDeploymentPostprocessing = 0;
		};
/* End PBXFrameworksBuildPhase section */

/* Begin PBXGroup section */
		23197950266F352D00EED288 = {
			isa = PBXGroup;
			children = (
				23A53577267F2E1D00E4656A /* MoltenVK.xcodeproj */,
				2382CD7E2686F4F700EDF9DB /* common */,
				23A535572674852700E4656A /* vk_parameter_zoo */,
				23A53562267BE5C700E4656A /* Frameworks */,
				2382CDC2268702D300EDF9DB /* vk_parameter_zoo_bug_1 */,
				2382CDC3268702D600EDF9DB /* vk_parameter_zoo_bug_2 */,
				2382CDC4268702DA00EDF9DB /* vk_parameter_zoo_bug_3 */,
			);
			indentWidth = 2;
			sourceTree = "<group>";
			tabWidth = 2;
		};
		2382CD7E2686F4F700EDF9DB /* common */ = {
			isa = PBXGroup;
			children = (
				23A53560267BE4DB00E4656A /* cocoa_window.mm */,
				23A53575267E4F2F00E4656A /* vert.spv */,
				23A53576267E4F2F00E4656A /* frag.spv */,
				23A53574267E4E6E00E4656A /* frag.glsl */,
				23A53573267E4E4A00E4656A /* vert.glsl */,
				2382CD812686F56400EDF9DB /* common.cpp */,
				2382CD822686F56400EDF9DB /* common.hpp */,
			);
			path = common;
			sourceTree = "<group>";
		};
		23A535572674852700E4656A /* vk_parameter_zoo */ = {
			isa = PBXGroup;
			children = (
				2382CD8A2686FD2F00EDF9DB /* bug1.cpp */,
				2382CDAC268700C000EDF9DB /* bug2.cpp */,
				2382CDC02687023800EDF9DB /* bug3.cpp */,
			);
			path = vk_parameter_zoo;
			sourceTree = "<group>";
		};
		23A53562267BE5C700E4656A /* Frameworks */ = {
			isa = PBXGroup;
			children = (
				2382CD942686FE6900EDF9DB /* MetalKit.framework */,
				23A5358C267F2FDB00E4656A /* IOSurface.framework */,
				23A53589267F2FB000E4656A /* Metal.framework */,
				23A53587267F2F9500E4656A /* IOKit.framework */,
				23A5356B267DBF7400E4656A /* libvulkan.1.2.176.dylib */,
				23A53567267DBDCB00E4656A /* libMoltenVK.dylib */,
				23A53565267BE5DF00E4656A /* AppKit.framework */,
				23A53563267BE5C700E4656A /* QuartzCore.framework */,
			);
			name = Frameworks;
			sourceTree = "<group>";
		};
		23A53578267F2E1D00E4656A /* Products */ = {
			isa = PBXGroup;
			children = (
				23A5357F267F2E1E00E4656A /* libMoltenVK.a */,
				23A53581267F2E1E00E4656A /* libMoltenVK.a */,
				23A53583267F2E1E00E4656A /* libMoltenVK.a */,
			);
			name = Products;
			sourceTree = "<group>";
		};
/* End PBXGroup section */

/* Begin PBXNativeTarget section */
		2382CD872686FD2F00EDF9DB /* vk_parameter_zoo_bug_1 */ = {
			isa = PBXNativeTarget;
			buildConfigurationList = 2382CD8C2686FD2F00EDF9DB /* Build configuration list for PBXNativeTarget "vk_parameter_zoo_bug_1" */;
			buildPhases = (
				2382CD842686FD2F00EDF9DB /* Sources */,
				2382CD852686FD2F00EDF9DB /* Frameworks */,
				2382CD862686FD2F00EDF9DB /* CopyFiles */,
			);
			buildRules = (
			);
			dependencies = (
			);
			name = vk_parameter_zoo_bug_1;
			productName = vk_parameter_zoo_bug_1;
			productReference = 2382CDC2268702D300EDF9DB /* vk_parameter_zoo_bug_1 */;
			productType = "com.apple.product-type.tool";
		};
		2382CD992686FF1500EDF9DB /* vk_parameter_zoo_bug_2 */ = {
			isa = PBXNativeTarget;
			buildConfigurationList = 2382CDA62686FF1500EDF9DB /* Build configuration list for PBXNativeTarget "vk_parameter_zoo_bug_2" */;
			buildPhases = (
				2382CD9A2686FF1500EDF9DB /* Sources */,
				2382CD9E2686FF1500EDF9DB /* Frameworks */,
				2382CDA52686FF1500EDF9DB /* CopyFiles */,
			);
			buildRules = (
			);
			dependencies = (
			);
			name = vk_parameter_zoo_bug_2;
			productName = vk_parameter_zoo_bug_1;
			productReference = 2382CDC3268702D600EDF9DB /* vk_parameter_zoo_bug_2 */;
			productType = "com.apple.product-type.tool";
		};
		2382CDAF268701F400EDF9DB /* vk_parameter_zoo_bug_3 */ = {
			isa = PBXNativeTarget;
			buildConfigurationList = 2382CDBC268701F400EDF9DB /* Build configuration list for PBXNativeTarget "vk_parameter_zoo_bug_3" */;
			buildPhases = (
				2382CDB0268701F400EDF9DB /* Sources */,
				2382CDB4268701F400EDF9DB /* Frameworks */,
				2382CDBB268701F400EDF9DB /* CopyFiles */,
			);
			buildRules = (
			);
			dependencies = (
			);
			name = vk_parameter_zoo_bug_3;
			productName = vk_parameter_zoo_bug_1;
			productReference = 2382CDC4268702DA00EDF9DB /* vk_parameter_zoo_bug_3 */;
			productType = "com.apple.product-type.tool";
		};
/* End PBXNativeTarget section */

/* Begin PBXProject section */
		23197951266F352D00EED288 /* Project object */ = {
			isa = PBXProject;
			attributes = {
				BuildIndependentTargetsInParallel = YES;
				LastUpgradeCheck = 1300;
				TargetAttributes = {
					2382CD872686FD2F00EDF9DB = {
						CreatedOnToolsVersion = 12.5.1;
					};
				};
			};
			buildConfigurationList = 23197954266F352D00EED288 /* Build configuration list for PBXProject "MoltenVK-Tests" */;
			compatibilityVersion = "Xcode 12.0";
			developmentRegion = en;
			hasScannedForEncodings = 0;
			knownRegions = (
				en,
				Base,
			);
			mainGroup = 23197950266F352D00EED288;
			productRefGroup = 23197950266F352D00EED288;
			projectDirPath = "";
			projectReferences = (
				{
					ProductGroup = 23A53578267F2E1D00E4656A /* Products */;
					ProjectRef = 23A53577267F2E1D00E4656A /* MoltenVK.xcodeproj */;
				},
			);
			projectRoot = "";
			targets = (
				2382CD872686FD2F00EDF9DB /* vk_parameter_zoo_bug_1 */,
				2382CD992686FF1500EDF9DB /* vk_parameter_zoo_bug_2 */,
				2382CDAF268701F400EDF9DB /* vk_parameter_zoo_bug_3 */,
			);
		};
/* End PBXProject section */

/* Begin PBXReferenceProxy section */
		23A5357F267F2E1E00E4656A /* libMoltenVK.a */ = {
			isa = PBXReferenceProxy;
			fileType = archive.ar;
			path = libMoltenVK.a;
			remoteRef = 23A5357E267F2E1E00E4656A /* PBXContainerItemProxy */;
			sourceTree = BUILT_PRODUCTS_DIR;
		};
		23A53581267F2E1E00E4656A /* libMoltenVK.a */ = {
			isa = PBXReferenceProxy;
			fileType = archive.ar;
			path = libMoltenVK.a;
			remoteRef = 23A53580267F2E1E00E4656A /* PBXContainerItemProxy */;
			sourceTree = BUILT_PRODUCTS_DIR;
		};
		23A53583267F2E1E00E4656A /* libMoltenVK.a */ = {
			isa = PBXReferenceProxy;
			fileType = archive.ar;
			path = libMoltenVK.a;
			remoteRef = 23A53582267F2E1E00E4656A /* PBXContainerItemProxy */;
			sourceTree = BUILT_PRODUCTS_DIR;
		};
/* End PBXReferenceProxy section */

/* Begin PBXSourcesBuildPhase section */
		2382CD842686FD2F00EDF9DB /* Sources */ = {
			isa = PBXSourcesBuildPhase;
			buildActionMask = 2147483647;
			files = (
				2382CD902686FDCD00EDF9DB /* common.cpp in Sources */,
				2382CD8F2686FDCA00EDF9DB /* cocoa_window.mm in Sources */,
				2382CDAB2687003600EDF9DB /* bug1.cpp in Sources */,
			);
			runOnlyForDeploymentPostprocessing = 0;
		};
		2382CD9A2686FF1500EDF9DB /* Sources */ = {
			isa = PBXSourcesBuildPhase;
			buildActionMask = 2147483647;
			files = (
				2382CD9B2686FF1500EDF9DB /* common.cpp in Sources */,
				2382CD9C2686FF1500EDF9DB /* cocoa_window.mm in Sources */,
				2382CDAE268700E400EDF9DB /* bug2.cpp in Sources */,
			);
			runOnlyForDeploymentPostprocessing = 0;
		};
		2382CDB0268701F400EDF9DB /* Sources */ = {
			isa = PBXSourcesBuildPhase;
			buildActionMask = 2147483647;
			files = (
				2382CDB1268701F400EDF9DB /* common.cpp in Sources */,
				2382CDB2268701F400EDF9DB /* cocoa_window.mm in Sources */,
				2382CDC12687023800EDF9DB /* bug3.cpp in Sources */,
			);
			runOnlyForDeploymentPostprocessing = 0;
		};
/* End PBXSourcesBuildPhase section */

/* Begin XCBuildConfiguration section */
		23197955266F352D00EED288 /* Debug */ = {
			isa = XCBuildConfiguration;
			buildSettings = {
				ALWAYS_SEARCH_USER_PATHS = NO;
				CLANG_WARN_BLOCK_CAPTURE_AUTORELEASING = YES;
				CLANG_WARN_BOOL_CONVERSION = YES;
				CLANG_WARN_COMMA = YES;
				CLANG_WARN_CONSTANT_CONVERSION = YES;
				CLANG_WARN_DEPRECATED_OBJC_IMPLEMENTATIONS = YES;
				CLANG_WARN_EMPTY_BODY = YES;
				CLANG_WARN_ENUM_CONVERSION = YES;
				CLANG_WARN_INFINITE_RECURSION = YES;
				CLANG_WARN_INT_CONVERSION = YES;
				CLANG_WARN_NON_LITERAL_NULL_CONVERSION = YES;
				CLANG_WARN_OBJC_IMPLICIT_RETAIN_SELF = YES;
				CLANG_WARN_OBJC_LITERAL_CONVERSION = YES;
				CLANG_WARN_QUOTED_INCLUDE_IN_FRAMEWORK_HEADER = YES;
				CLANG_WARN_RANGE_LOOP_ANALYSIS = YES;
				CLANG_WARN_STRICT_PROTOTYPES = YES;
				CLANG_WARN_SUSPICIOUS_MOVE = YES;
				CLANG_WARN_UNREACHABLE_CODE = YES;
				CLANG_WARN__DUPLICATE_METHOD_MATCH = YES;
				ENABLE_STRICT_OBJC_MSGSEND = YES;
				ENABLE_TESTABILITY = YES;
				FRAMEWORK_SEARCH_PATHS = "";
				GCC_NO_COMMON_BLOCKS = YES;
				GCC_PREPROCESSOR_DEFINITIONS = (
					VK_USE_PLATFORM_MACOS_MVK,
					VK_USE_PLATFORM_METAL_EXT,
				);
				GCC_WARN_64_TO_32_BIT_CONVERSION = YES;
				GCC_WARN_ABOUT_RETURN_TYPE = YES;
				GCC_WARN_UNDECLARED_SELECTOR = YES;
				GCC_WARN_UNINITIALIZED_AUTOS = YES;
				GCC_WARN_UNUSED_FUNCTION = YES;
				GCC_WARN_UNUSED_VARIABLE = YES;
				HEADER_SEARCH_PATHS = (
					/Users/jake/Workspace/personal/MoltenVK/Package/Debug/MoltenVK/include,
					"/Users/jake/Workspace/personal/MoltenVK-Tests",
				);
				LIBRARY_SEARCH_PATHS = "";
				ONLY_ACTIVE_ARCH = YES;
				SYSTEM_FRAMEWORK_SEARCH_PATHS = "";
				SYSTEM_HEADER_SEARCH_PATHS = /Users/jake/Workspace/personal/MoltenVK/MoltenVk/include;
			};
			name = Debug;
		};
		23197956266F352D00EED288 /* Release */ = {
			isa = XCBuildConfiguration;
			buildSettings = {
				ALWAYS_SEARCH_USER_PATHS = NO;
				CLANG_WARN_BLOCK_CAPTURE_AUTORELEASING = YES;
				CLANG_WARN_BOOL_CONVERSION = YES;
				CLANG_WARN_COMMA = YES;
				CLANG_WARN_CONSTANT_CONVERSION = YES;
				CLANG_WARN_DEPRECATED_OBJC_IMPLEMENTATIONS = YES;
				CLANG_WARN_EMPTY_BODY = YES;
				CLANG_WARN_ENUM_CONVERSION = YES;
				CLANG_WARN_INFINITE_RECURSION = YES;
				CLANG_WARN_INT_CONVERSION = YES;
				CLANG_WARN_NON_LITERAL_NULL_CONVERSION = YES;
				CLANG_WARN_OBJC_IMPLICIT_RETAIN_SELF = YES;
				CLANG_WARN_OBJC_LITERAL_CONVERSION = YES;
				CLANG_WARN_QUOTED_INCLUDE_IN_FRAMEWORK_HEADER = YES;
				CLANG_WARN_RANGE_LOOP_ANALYSIS = YES;
				CLANG_WARN_STRICT_PROTOTYPES = YES;
				CLANG_WARN_SUSPICIOUS_MOVE = YES;
				CLANG_WARN_UNREACHABLE_CODE = YES;
				CLANG_WARN__DUPLICATE_METHOD_MATCH = YES;
				ENABLE_STRICT_OBJC_MSGSEND = YES;
				FRAMEWORK_SEARCH_PATHS = "";
				GCC_NO_COMMON_BLOCKS = YES;
				GCC_PREPROCESSOR_DEFINITIONS = (
					VK_USE_PLATFORM_MACOS_MVK,
					VK_USE_PLATFORM_METAL_EXT,
				);
				GCC_WARN_64_TO_32_BIT_CONVERSION = YES;
				GCC_WARN_ABOUT_RETURN_TYPE = YES;
				GCC_WARN_UNDECLARED_SELECTOR = YES;
				GCC_WARN_UNINITIALIZED_AUTOS = YES;
				GCC_WARN_UNUSED_FUNCTION = YES;
				GCC_WARN_UNUSED_VARIABLE = YES;
				HEADER_SEARCH_PATHS = (
					/Users/jake/Workspace/personal/MoltenVK/Package/Debug/MoltenVK/include,
					"/Users/jake/Workspace/personal/MoltenVK-Tests",
				);
				LIBRARY_SEARCH_PATHS = "";
				SYSTEM_FRAMEWORK_SEARCH_PATHS = "";
				SYSTEM_HEADER_SEARCH_PATHS = /Users/jake/Workspace/personal/MoltenVK/MoltenVk/include;
			};
			name = Release;
		};
		2382CD8D2686FD2F00EDF9DB /* Debug */ = {
			isa = XCBuildConfiguration;
			buildSettings = {
				CLANG_ANALYZER_NONNULL = YES;
				CLANG_ANALYZER_NUMBER_OBJECT_CONVERSION = YES_AGGRESSIVE;
				CLANG_CXX_LANGUAGE_STANDARD = "c++17";
				CLANG_CXX_LIBRARY = "libc++";
				CLANG_ENABLE_MODULES = YES;
				CLANG_ENABLE_OBJC_ARC = YES;
				CLANG_ENABLE_OBJC_WEAK = YES;
				CLANG_WARN_DIRECT_OBJC_ISA_USAGE = YES_ERROR;
				CLANG_WARN_DOCUMENTATION_COMMENTS = YES;
				CLANG_WARN_OBJC_ROOT_CLASS = YES_ERROR;
				CLANG_WARN_UNGUARDED_AVAILABILITY = YES_AGGRESSIVE;
				CODE_SIGN_STYLE = Automatic;
				COPY_PHASE_STRIP = NO;
				DEBUG_INFORMATION_FORMAT = dwarf;
				DEVELOPMENT_TEAM = MNHBTWM7RN;
				ENABLE_HARDENED_RUNTIME = YES;
				GCC_C_LANGUAGE_STANDARD = gnu11;
				GCC_DYNAMIC_NO_PIC = NO;
				GCC_OPTIMIZATION_LEVEL = 0;
				GCC_PREPROCESSOR_DEFINITIONS = (
					"DEBUG=1",
					"$(inherited)",
				);
				GCC_WARN_ABOUT_RETURN_TYPE = YES_ERROR;
				GCC_WARN_UNINITIALIZED_AUTOS = YES_AGGRESSIVE;
				MACOSX_DEPLOYMENT_TARGET = 11.3;
				MTL_ENABLE_DEBUG_INFO = INCLUDE_SOURCE;
				MTL_FAST_MATH = YES;
				PRODUCT_NAME = "$(TARGET_NAME)";
				SDKROOT = macosx;
			};
			name = Debug;
		};
		2382CD8E2686FD2F00EDF9DB /* Release */ = {
			isa = XCBuildConfiguration;
			buildSettings = {
				CLANG_ANALYZER_NONNULL = YES;
				CLANG_ANALYZER_NUMBER_OBJECT_CONVERSION = YES_AGGRESSIVE;
				CLANG_CXX_LANGUAGE_STANDARD = "c++17";
				CLANG_CXX_LIBRARY = "libc++";
				CLANG_ENABLE_MODULES = YES;
				CLANG_ENABLE_OBJC_ARC = YES;
				CLANG_ENABLE_OBJC_WEAK = YES;
				CLANG_WARN_DIRECT_OBJC_ISA_USAGE = YES_ERROR;
				CLANG_WARN_DOCUMENTATION_COMMENTS = YES;
				CLANG_WARN_OBJC_ROOT_CLASS = YES_ERROR;
				CLANG_WARN_UNGUARDED_AVAILABILITY = YES_AGGRESSIVE;
				CODE_SIGN_STYLE = Automatic;
				COPY_PHASE_STRIP = NO;
				DEBUG_INFORMATION_FORMAT = "dwarf-with-dsym";
				DEVELOPMENT_TEAM = MNHBTWM7RN;
				ENABLE_HARDENED_RUNTIME = YES;
				ENABLE_NS_ASSERTIONS = NO;
				GCC_C_LANGUAGE_STANDARD = gnu11;
				GCC_WARN_ABOUT_RETURN_TYPE = YES_ERROR;
				GCC_WARN_UNINITIALIZED_AUTOS = YES_AGGRESSIVE;
				MACOSX_DEPLOYMENT_TARGET = 11.3;
				MTL_ENABLE_DEBUG_INFO = NO;
				MTL_FAST_MATH = YES;
				PRODUCT_NAME = "$(TARGET_NAME)";
				SDKROOT = macosx;
			};
			name = Release;
		};
		2382CDA72686FF1500EDF9DB /* Debug */ = {
			isa = XCBuildConfiguration;
			buildSettings = {
				CLANG_ANALYZER_NONNULL = YES;
				CLANG_ANALYZER_NUMBER_OBJECT_CONVERSION = YES_AGGRESSIVE;
				CLANG_CXX_LANGUAGE_STANDARD = "c++17";
				CLANG_CXX_LIBRARY = "libc++";
				CLANG_ENABLE_MODULES = YES;
				CLANG_ENABLE_OBJC_ARC = YES;
				CLANG_ENABLE_OBJC_WEAK = YES;
				CLANG_WARN_DIRECT_OBJC_ISA_USAGE = YES_ERROR;
				CLANG_WARN_DOCUMENTATION_COMMENTS = YES;
				CLANG_WARN_OBJC_ROOT_CLASS = YES_ERROR;
				CLANG_WARN_UNGUARDED_AVAILABILITY = YES_AGGRESSIVE;
				CODE_SIGN_STYLE = Automatic;
				COPY_PHASE_STRIP = NO;
				DEBUG_INFORMATION_FORMAT = dwarf;
				DEVELOPMENT_TEAM = MNHBTWM7RN;
				ENABLE_HARDENED_RUNTIME = YES;
				GCC_C_LANGUAGE_STANDARD = gnu11;
				GCC_DYNAMIC_NO_PIC = NO;
				GCC_OPTIMIZATION_LEVEL = 0;
				GCC_PREPROCESSOR_DEFINITIONS = (
					"DEBUG=1",
					"$(inherited)",
				);
				GCC_WARN_ABOUT_RETURN_TYPE = YES_ERROR;
				GCC_WARN_UNINITIALIZED_AUTOS = YES_AGGRESSIVE;
				MACOSX_DEPLOYMENT_TARGET = 11.3;
				MTL_ENABLE_DEBUG_INFO = INCLUDE_SOURCE;
				MTL_FAST_MATH = YES;
				PRODUCT_NAME = "$(TARGET_NAME)";
				SDKROOT = macosx;
			};
			name = Debug;
		};
		2382CDA82686FF1500EDF9DB /* Release */ = {
			isa = XCBuildConfiguration;
			buildSettings = {
				CLANG_ANALYZER_NONNULL = YES;
				CLANG_ANALYZER_NUMBER_OBJECT_CONVERSION = YES_AGGRESSIVE;
				CLANG_CXX_LANGUAGE_STANDARD = "c++17";
				CLANG_CXX_LIBRARY = "libc++";
				CLANG_ENABLE_MODULES = YES;
				CLANG_ENABLE_OBJC_ARC = YES;
				CLANG_ENABLE_OBJC_WEAK = YES;
				CLANG_WARN_DIRECT_OBJC_ISA_USAGE = YES_ERROR;
				CLANG_WARN_DOCUMENTATION_COMMENTS = YES;
				CLANG_WARN_OBJC_ROOT_CLASS = YES_ERROR;
				CLANG_WARN_UNGUARDED_AVAILABILITY = YES_AGGRESSIVE;
				CODE_SIGN_STYLE = Automatic;
				COPY_PHASE_STRIP = NO;
				DEBUG_INFORMATION_FORMAT = "dwarf-with-dsym";
				DEVELOPMENT_TEAM = MNHBTWM7RN;
				ENABLE_HARDENED_RUNTIME = YES;
				ENABLE_NS_ASSERTIONS = NO;
				GCC_C_LANGUAGE_STANDARD = gnu11;
				GCC_WARN_ABOUT_RETURN_TYPE = YES_ERROR;
				GCC_WARN_UNINITIALIZED_AUTOS = YES_AGGRESSIVE;
				MACOSX_DEPLOYMENT_TARGET = 11.3;
				MTL_ENABLE_DEBUG_INFO = NO;
				MTL_FAST_MATH = YES;
				PRODUCT_NAME = "$(TARGET_NAME)";
				SDKROOT = macosx;
			};
			name = Release;
		};
		2382CDBD268701F400EDF9DB /* Debug */ = {
			isa = XCBuildConfiguration;
			buildSettings = {
				CLANG_ANALYZER_NONNULL = YES;
				CLANG_ANALYZER_NUMBER_OBJECT_CONVERSION = YES_AGGRESSIVE;
				CLANG_CXX_LANGUAGE_STANDARD = "c++17";
				CLANG_CXX_LIBRARY = "libc++";
				CLANG_ENABLE_MODULES = YES;
				CLANG_ENABLE_OBJC_ARC = YES;
				CLANG_ENABLE_OBJC_WEAK = YES;
				CLANG_WARN_DIRECT_OBJC_ISA_USAGE = YES_ERROR;
				CLANG_WARN_DOCUMENTATION_COMMENTS = YES;
				CLANG_WARN_OBJC_ROOT_CLASS = YES_ERROR;
				CLANG_WARN_UNGUARDED_AVAILABILITY = YES_AGGRESSIVE;
				CODE_SIGN_STYLE = Automatic;
				COPY_PHASE_STRIP = NO;
				DEBUG_INFORMATION_FORMAT = dwarf;
				DEVELOPMENT_TEAM = MNHBTWM7RN;
				ENABLE_HARDENED_RUNTIME = YES;
				GCC_C_LANGUAGE_STANDARD = gnu11;
				GCC_DYNAMIC_NO_PIC = NO;
				GCC_OPTIMIZATION_LEVEL = 0;
				GCC_PREPROCESSOR_DEFINITIONS = (
					"DEBUG=1",
					"$(inherited)",
				);
				GCC_WARN_ABOUT_RETURN_TYPE = YES_ERROR;
				GCC_WARN_UNINITIALIZED_AUTOS = YES_AGGRESSIVE;
				MACOSX_DEPLOYMENT_TARGET = 11.3;
				MTL_ENABLE_DEBUG_INFO = INCLUDE_SOURCE;
				MTL_FAST_MATH = YES;
				PRODUCT_NAME = "$(TARGET_NAME)";
				SDKROOT = macosx;
			};
			name = Debug;
		};
		2382CDBE268701F400EDF9DB /* Release */ = {
			isa = XCBuildConfiguration;
			buildSettings = {
				CLANG_ANALYZER_NONNULL = YES;
				CLANG_ANALYZER_NUMBER_OBJECT_CONVERSION = YES_AGGRESSIVE;
				CLANG_CXX_LANGUAGE_STANDARD = "c++17";
				CLANG_CXX_LIBRARY = "libc++";
				CLANG_ENABLE_MODULES = YES;
				CLANG_ENABLE_OBJC_ARC = YES;
				CLANG_ENABLE_OBJC_WEAK = YES;
				CLANG_WARN_DIRECT_OBJC_ISA_USAGE = YES_ERROR;
				CLANG_WARN_DOCUMENTATION_COMMENTS = YES;
				CLANG_WARN_OBJC_ROOT_CLASS = YES_ERROR;
				CLANG_WARN_UNGUARDED_AVAILABILITY = YES_AGGRESSIVE;
				CODE_SIGN_STYLE = Automatic;
				COPY_PHASE_STRIP = NO;
				DEBUG_INFORMATION_FORMAT = "dwarf-with-dsym";
				DEVELOPMENT_TEAM = MNHBTWM7RN;
				ENABLE_HARDENED_RUNTIME = YES;
				ENABLE_NS_ASSERTIONS = NO;
				GCC_C_LANGUAGE_STANDARD = gnu11;
				GCC_WARN_ABOUT_RETURN_TYPE = YES_ERROR;
				GCC_WARN_UNINITIALIZED_AUTOS = YES_AGGRESSIVE;
				MACOSX_DEPLOYMENT_TARGET = 11.3;
				MTL_ENABLE_DEBUG_INFO = NO;
				MTL_FAST_MATH = YES;
				PRODUCT_NAME = "$(TARGET_NAME)";
				SDKROOT = macosx;
			};
			name = Release;
		};
/* End XCBuildConfiguration section */

/* Begin XCConfigurationList section */
		23197954266F352D00EED288 /* Build configuration list for PBXProject "MoltenVK-Tests" */ = {
			isa = XCConfigurationList;
			buildConfigurations = (
				23197955266F352D00EED288 /* Debug */,
				23197956266F352D00EED288 /* Release */,
			);
			defaultConfigurationIsVisible = 0;
			defaultConfigurationName = Debug;
		};
		2382CD8C2686FD2F00EDF9DB /* Build configuration list for PBXNativeTarget "vk_parameter_zoo_bug_1" */ = {
			isa = XCConfigurationList;
			buildConfigurations = (
				2382CD8D2686FD2F00EDF9DB /* Debug */,
				2382CD8E2686FD2F00EDF9DB /* Release */,
			);
			defaultConfigurationIsVisible = 0;
			defaultConfigurationName = Debug;
		};
		2382CDA62686FF1500EDF9DB /* Build configuration list for PBXNativeTarget "vk_parameter_zoo_bug_2" */ = {
			isa = XCConfigurationList;
			buildConfigurations = (
				2382CDA72686FF1500EDF9DB /* Debug */,
				2382CDA82686FF1500EDF9DB /* Release */,
			);
			defaultConfigurationIsVisible = 0;
			defaultConfigurationName = Debug;
		};
		2382CDBC268701F400EDF9DB /* Build configuration list for PBXNativeTarget "vk_parameter_zoo_bug_3" */ = {
			isa = XCConfigurationList;
			buildConfigurations = (
				2382CDBD268701F400EDF9DB /* Debug */,
				2382CDBE268701F400EDF9DB /* Release */,
			);
			defaultConfigurationIsVisible = 0;
			defaultConfigurationName = Debug;
		};
/* End XCConfigurationList section */
	};
	rootObject = 23197951266F352D00EED288 /* Project object */;
}
