// !$*UTF8*$!
{
	archiveVersion = 1;
	classes = {
	};
	objectVersion = 54;
	objects = {

/* Begin PBXBuildFile section */
		23A535592674852700E4656A /* main.cpp in Sources */ = {isa = PBXBuildFile; fileRef = 23A535582674852700E4656A /* main.cpp */; };
		23A53561267BE4DB00E4656A /* cocoa_window.mm in Sources */ = {isa = PBXBuildFile; fileRef = 23A53560267BE4DB00E4656A /* cocoa_window.mm */; };
		23A53564267BE5C700E4656A /* QuartzCore.framework in Frameworks */ = {isa = PBXBuildFile; fileRef = 23A53563267BE5C700E4656A /* QuartzCore.framework */; };
		23A53566267BE5DF00E4656A /* AppKit.framework in Frameworks */ = {isa = PBXBuildFile; fileRef = 23A53565267BE5DF00E4656A /* AppKit.framework */; };
		23A53572267E3EDE00E4656A /* libMoltenVK.dylib in Frameworks */ = {isa = PBXBuildFile; fileRef = 23A53567267DBDCB00E4656A /* libMoltenVK.dylib */; };
/* End PBXBuildFile section */

/* Begin PBXCopyFilesBuildPhase section */
		23A535532674852700E4656A /* CopyFiles */ = {
			isa = PBXCopyFilesBuildPhase;
			buildActionMask = 2147483647;
			dstPath = /usr/share/man/man1/;
			dstSubfolderSpec = 0;
			files = (
			);
			runOnlyForDeploymentPostprocessing = 1;
		};
/* End PBXCopyFilesBuildPhase section */

/* Begin PBXFileReference section */
		23A535552674852700E4656A /* vk_parameter_zoo */ = {isa = PBXFileReference; explicitFileType = "compiled.mach-o.executable"; includeInIndex = 0; path = vk_parameter_zoo; sourceTree = BUILT_PRODUCTS_DIR; };
		23A535582674852700E4656A /* main.cpp */ = {isa = PBXFileReference; lastKnownFileType = sourcecode.cpp.cpp; path = main.cpp; sourceTree = "<group>"; };
		23A5355F2676AC7200E4656A /* vk_parameter_zoo.entitlements */ = {isa = PBXFileReference; lastKnownFileType = text.plist.entitlements; path = vk_parameter_zoo.entitlements; sourceTree = "<group>"; };
		23A53560267BE4DB00E4656A /* cocoa_window.mm */ = {isa = PBXFileReference; fileEncoding = 4; lastKnownFileType = sourcecode.cpp.objcpp; path = cocoa_window.mm; sourceTree = "<group>"; };
		23A53563267BE5C700E4656A /* QuartzCore.framework */ = {isa = PBXFileReference; lastKnownFileType = wrapper.framework; name = QuartzCore.framework; path = System/Library/Frameworks/QuartzCore.framework; sourceTree = SDKROOT; };
		23A53565267BE5DF00E4656A /* AppKit.framework */ = {isa = PBXFileReference; lastKnownFileType = wrapper.framework; name = AppKit.framework; path = System/Library/Frameworks/AppKit.framework; sourceTree = SDKROOT; };
		23A53567267DBDCB00E4656A /* libMoltenVK.dylib */ = {isa = PBXFileReference; lastKnownFileType = "compiled.mach-o.dylib"; name = libMoltenVK.dylib; path = ../MoltenVK/Package/Debug/MoltenVK/dylib/macOS/libMoltenVK.dylib; sourceTree = "<group>"; };
		23A5356B267DBF7400E4656A /* libvulkan.1.2.176.dylib */ = {isa = PBXFileReference; lastKnownFileType = "compiled.mach-o.dylib"; name = libvulkan.1.2.176.dylib; path = ../../../../../usr/local/lib/libvulkan.1.2.176.dylib; sourceTree = "<group>"; };
		23A53573267E4E4A00E4656A /* vert.glsl */ = {isa = PBXFileReference; lastKnownFileType = text; path = vert.glsl; sourceTree = "<group>"; };
		23A53574267E4E6E00E4656A /* frag.glsl */ = {isa = PBXFileReference; lastKnownFileType = text; path = frag.glsl; sourceTree = "<group>"; };
		23A53575267E4F2F00E4656A /* vert.spv */ = {isa = PBXFileReference; lastKnownFileType = file; path = vert.spv; sourceTree = "<group>"; };
		23A53576267E4F2F00E4656A /* frag.spv */ = {isa = PBXFileReference; lastKnownFileType = file; path = frag.spv; sourceTree = "<group>"; };
/* End PBXFileReference section */

/* Begin PBXFrameworksBuildPhase section */
		23A535522674852700E4656A /* Frameworks */ = {
			isa = PBXFrameworksBuildPhase;
			buildActionMask = 2147483647;
			files = (
				23A53572267E3EDE00E4656A /* libMoltenVK.dylib in Frameworks */,
				23A53564267BE5C700E4656A /* QuartzCore.framework in Frameworks */,
				23A53566267BE5DF00E4656A /* AppKit.framework in Frameworks */,
			);
			runOnlyForDeploymentPostprocessing = 0;
		};
/* End PBXFrameworksBuildPhase section */

/* Begin PBXGroup section */
		23197950266F352D00EED288 = {
			isa = PBXGroup;
			children = (
				23A535572674852700E4656A /* vk_parameter_zoo */,
				23A535562674852700E4656A /* Products */,
				23A53562267BE5C700E4656A /* Frameworks */,
			);
			indentWidth = 2;
			sourceTree = "<group>";
			tabWidth = 2;
		};
		23A535562674852700E4656A /* Products */ = {
			isa = PBXGroup;
			children = (
				23A535552674852700E4656A /* vk_parameter_zoo */,
			);
			name = Products;
			sourceTree = "<group>";
		};
		23A535572674852700E4656A /* vk_parameter_zoo */ = {
			isa = PBXGroup;
			children = (
				23A53576267E4F2F00E4656A /* frag.spv */,
				23A53575267E4F2F00E4656A /* vert.spv */,
				23A53560267BE4DB00E4656A /* cocoa_window.mm */,
				23A5355F2676AC7200E4656A /* vk_parameter_zoo.entitlements */,
				23A535582674852700E4656A /* main.cpp */,
				23A53573267E4E4A00E4656A /* vert.glsl */,
				23A53574267E4E6E00E4656A /* frag.glsl */,
			);
			path = vk_parameter_zoo;
			sourceTree = "<group>";
		};
		23A53562267BE5C700E4656A /* Frameworks */ = {
			isa = PBXGroup;
			children = (
				23A5356B267DBF7400E4656A /* libvulkan.1.2.176.dylib */,
				23A53567267DBDCB00E4656A /* libMoltenVK.dylib */,
				23A53565267BE5DF00E4656A /* AppKit.framework */,
				23A53563267BE5C700E4656A /* QuartzCore.framework */,
			);
			name = Frameworks;
			sourceTree = "<group>";
		};
/* End PBXGroup section */

/* Begin PBXNativeTarget section */
		23A535542674852700E4656A /* vk_parameter_zoo */ = {
			isa = PBXNativeTarget;
			buildConfigurationList = 23A5355C2674852700E4656A /* Build configuration list for PBXNativeTarget "vk_parameter_zoo" */;
			buildPhases = (
				23A535512674852700E4656A /* Sources */,
				23A535522674852700E4656A /* Frameworks */,
				23A535532674852700E4656A /* CopyFiles */,
			);
			buildRules = (
			);
			dependencies = (
			);
			name = vk_parameter_zoo;
			productName = vk_parameter_zoo;
			productReference = 23A535552674852700E4656A /* vk_parameter_zoo */;
			productType = "com.apple.product-type.tool";
		};
/* End PBXNativeTarget section */

/* Begin PBXProject section */
		23197951266F352D00EED288 /* Project object */ = {
			isa = PBXProject;
			attributes = {
				BuildIndependentTargetsInParallel = YES;
				LastUpgradeCheck = 1250;
				TargetAttributes = {
					23A535542674852700E4656A = {
						CreatedOnToolsVersion = 12.5;
					};
				};
			};
			buildConfigurationList = 23197954266F352D00EED288 /* Build configuration list for PBXProject "MoltenVK-Tests" */;
			compatibilityVersion = "Xcode 12.0";
			developmentRegion = en;
			hasScannedForEncodings = 0;
			knownRegions = (
				en,
				Base,
			);
			mainGroup = 23197950266F352D00EED288;
			productRefGroup = 23A535562674852700E4656A /* Products */;
			projectDirPath = "";
			projectRoot = "";
			targets = (
				23A535542674852700E4656A /* vk_parameter_zoo */,
			);
		};
/* End PBXProject section */

/* Begin PBXSourcesBuildPhase section */
		23A535512674852700E4656A /* Sources */ = {
			isa = PBXSourcesBuildPhase;
			buildActionMask = 2147483647;
			files = (
				23A535592674852700E4656A /* main.cpp in Sources */,
				23A53561267BE4DB00E4656A /* cocoa_window.mm in Sources */,
			);
			runOnlyForDeploymentPostprocessing = 0;
		};
/* End PBXSourcesBuildPhase section */

/* Begin XCBuildConfiguration section */
		23197955266F352D00EED288 /* Debug */ = {
			isa = XCBuildConfiguration;
			buildSettings = {
				ALWAYS_SEARCH_USER_PATHS = NO;
				FRAMEWORK_SEARCH_PATHS = "";
				GCC_PREPROCESSOR_DEFINITIONS = (
					VK_USE_PLATFORM_MACOS_MVK,
					VK_USE_PLATFORM_METAL_EXT,
				);
				HEADER_SEARCH_PATHS = /Users/jake/Workspace/personal/MoltenVK/Package/Debug/MoltenVK/include;
				LIBRARY_SEARCH_PATHS = "";
				SYSTEM_FRAMEWORK_SEARCH_PATHS = "";
				SYSTEM_HEADER_SEARCH_PATHS = /Users/jake/Workspace/personal/MoltenVK/MoltenVk/include;
			};
			name = Debug;
		};
		23197956266F352D00EED288 /* Release */ = {
			isa = XCBuildConfiguration;
			buildSettings = {
				ALWAYS_SEARCH_USER_PATHS = NO;
				FRAMEWORK_SEARCH_PATHS = "";
				GCC_PREPROCESSOR_DEFINITIONS = (
					VK_USE_PLATFORM_MACOS_MVK,
					VK_USE_PLATFORM_METAL_EXT,
				);
				HEADER_SEARCH_PATHS = /Users/jake/Workspace/personal/MoltenVK/Package/Debug/MoltenVK/include;
				LIBRARY_SEARCH_PATHS = "";
				SYSTEM_FRAMEWORK_SEARCH_PATHS = "";
				SYSTEM_HEADER_SEARCH_PATHS = /Users/jake/Workspace/personal/MoltenVK/MoltenVk/include;
			};
			name = Release;
		};
		23A5355A2674852700E4656A /* Debug */ = {
			isa = XCBuildConfiguration;
			buildSettings = {
				ALWAYS_SEARCH_USER_PATHS = NO;
				CLANG_ANALYZER_NONNULL = YES;
				CLANG_ANALYZER_NUMBER_OBJECT_CONVERSION = YES_AGGRESSIVE;
				CLANG_CXX_LANGUAGE_STANDARD = "gnu++14";
				CLANG_CXX_LIBRARY = "libc++";
				CLANG_ENABLE_MODULES = YES;
				CLANG_ENABLE_OBJC_ARC = YES;
				CLANG_ENABLE_OBJC_WEAK = YES;
				CLANG_WARN_BLOCK_CAPTURE_AUTORELEASING = YES;
				CLANG_WARN_BOOL_CONVERSION = YES;
				CLANG_WARN_COMMA = YES;
				CLANG_WARN_CONSTANT_CONVERSION = YES;
				CLANG_WARN_DEPRECATED_OBJC_IMPLEMENTATIONS = YES;
				CLANG_WARN_DIRECT_OBJC_ISA_USAGE = YES_ERROR;
				CLANG_WARN_DOCUMENTATION_COMMENTS = YES;
				CLANG_WARN_EMPTY_BODY = YES;
				CLANG_WARN_ENUM_CONVERSION = YES;
				CLANG_WARN_INFINITE_RECURSION = YES;
				CLANG_WARN_INT_CONVERSION = YES;
				CLANG_WARN_NON_LITERAL_NULL_CONVERSION = YES;
				CLANG_WARN_OBJC_IMPLICIT_RETAIN_SELF = YES;
				CLANG_WARN_OBJC_LITERAL_CONVERSION = YES;
				CLANG_WARN_OBJC_ROOT_CLASS = YES_ERROR;
				CLANG_WARN_QUOTED_INCLUDE_IN_FRAMEWORK_HEADER = YES;
				CLANG_WARN_RANGE_LOOP_ANALYSIS = YES;
				CLANG_WARN_STRICT_PROTOTYPES = YES;
				CLANG_WARN_SUSPICIOUS_MOVE = YES;
				CLANG_WARN_UNGUARDED_AVAILABILITY = YES_AGGRESSIVE;
				CLANG_WARN_UNREACHABLE_CODE = YES;
				CLANG_WARN__DUPLICATE_METHOD_MATCH = YES;
				CODE_SIGN_ENTITLEMENTS = vk_parameter_zoo/vk_parameter_zoo.entitlements;
				CODE_SIGN_IDENTITY = "Apple Development";
				CODE_SIGN_STYLE = Automatic;
				COPY_PHASE_STRIP = NO;
				DEBUG_INFORMATION_FORMAT = dwarf;
				DEVELOPMENT_TEAM = MNHBTWM7RN;
				ENABLE_HARDENED_RUNTIME = YES;
				ENABLE_STRICT_OBJC_MSGSEND = YES;
				ENABLE_TESTABILITY = YES;
				GCC_C_LANGUAGE_STANDARD = gnu11;
				GCC_DYNAMIC_NO_PIC = NO;
				GCC_NO_COMMON_BLOCKS = YES;
				GCC_OPTIMIZATION_LEVEL = 0;
				GCC_PREPROCESSOR_DEFINITIONS = (
					"DEBUG=1",
					"$(inherited)",
				);
				GCC_WARN_64_TO_32_BIT_CONVERSION = YES;
				GCC_WARN_ABOUT_RETURN_TYPE = YES_ERROR;
				GCC_WARN_UNDECLARED_SELECTOR = YES;
				GCC_WARN_UNINITIALIZED_AUTOS = YES_AGGRESSIVE;
				GCC_WARN_UNUSED_FUNCTION = YES;
				GCC_WARN_UNUSED_VARIABLE = YES;
				HEADER_SEARCH_PATHS = "/Users/jake/Workspace/personal/MoltenVK-Tests";
				INSTALL_PATH = "";
				LD_RUNPATH_SEARCH_PATHS = /Users/jake/Workspace/personal/MoltenVK/MoltenVK/dylib/macOS;
				LIBRARY_SEARCH_PATHS = /Users/jake/Workspace/personal/MoltenVK/MoltenVK/dylib/macOS;
				MACOSX_DEPLOYMENT_TARGET = 11.3;
				MTL_ENABLE_DEBUG_INFO = INCLUDE_SOURCE;
				MTL_FAST_MATH = YES;
				ONLY_ACTIVE_ARCH = YES;
				PRODUCT_NAME = "$(TARGET_NAME)";
				PROVISIONING_PROFILE_SPECIFIER = "";
				SDKROOT = macosx;
				SYMROOT = "/Users/jake/Workspace/personal/MoltenVK-Tests/build/Debug";
				SYSTEM_FRAMEWORK_SEARCH_PATHS = "";
				USER_HEADER_SEARCH_PATHS = ..;
			};
			name = Debug;
		};
		23A5355B2674852700E4656A /* Release */ = {
			isa = XCBuildConfiguration;
			buildSettings = {
				ALWAYS_SEARCH_USER_PATHS = NO;
				CLANG_ANALYZER_NONNULL = YES;
				CLANG_ANALYZER_NUMBER_OBJECT_CONVERSION = YES_AGGRESSIVE;
				CLANG_CXX_LANGUAGE_STANDARD = "gnu++14";
				CLANG_CXX_LIBRARY = "libc++";
				CLANG_ENABLE_MODULES = YES;
				CLANG_ENABLE_OBJC_ARC = YES;
				CLANG_ENABLE_OBJC_WEAK = YES;
				CLANG_WARN_BLOCK_CAPTURE_AUTORELEASING = YES;
				CLANG_WARN_BOOL_CONVERSION = YES;
				CLANG_WARN_COMMA = YES;
				CLANG_WARN_CONSTANT_CONVERSION = YES;
				CLANG_WARN_DEPRECATED_OBJC_IMPLEMENTATIONS = YES;
				CLANG_WARN_DIRECT_OBJC_ISA_USAGE = YES_ERROR;
				CLANG_WARN_DOCUMENTATION_COMMENTS = YES;
				CLANG_WARN_EMPTY_BODY = YES;
				CLANG_WARN_ENUM_CONVERSION = YES;
				CLANG_WARN_INFINITE_RECURSION = YES;
				CLANG_WARN_INT_CONVERSION = YES;
				CLANG_WARN_NON_LITERAL_NULL_CONVERSION = YES;
				CLANG_WARN_OBJC_IMPLICIT_RETAIN_SELF = YES;
				CLANG_WARN_OBJC_LITERAL_CONVERSION = YES;
				CLANG_WARN_OBJC_ROOT_CLASS = YES_ERROR;
				CLANG_WARN_QUOTED_INCLUDE_IN_FRAMEWORK_HEADER = YES;
				CLANG_WARN_RANGE_LOOP_ANALYSIS = YES;
				CLANG_WARN_STRICT_PROTOTYPES = YES;
				CLANG_WARN_SUSPICIOUS_MOVE = YES;
				CLANG_WARN_UNGUARDED_AVAILABILITY = YES_AGGRESSIVE;
				CLANG_WARN_UNREACHABLE_CODE = YES;
				CLANG_WARN__DUPLICATE_METHOD_MATCH = YES;
				CODE_SIGN_ENTITLEMENTS = vk_parameter_zoo/vk_parameter_zoo.entitlements;
				CODE_SIGN_IDENTITY = "Apple Development";
				CODE_SIGN_STYLE = Automatic;
				COPY_PHASE_STRIP = NO;
				DEBUG_INFORMATION_FORMAT = "dwarf-with-dsym";
				DEVELOPMENT_TEAM = MNHBTWM7RN;
				ENABLE_HARDENED_RUNTIME = YES;
				ENABLE_NS_ASSERTIONS = NO;
				ENABLE_STRICT_OBJC_MSGSEND = YES;
				GCC_C_LANGUAGE_STANDARD = gnu11;
				GCC_NO_COMMON_BLOCKS = YES;
				GCC_WARN_64_TO_32_BIT_CONVERSION = YES;
				GCC_WARN_ABOUT_RETURN_TYPE = YES_ERROR;
				GCC_WARN_UNDECLARED_SELECTOR = YES;
				GCC_WARN_UNINITIALIZED_AUTOS = YES_AGGRESSIVE;
				GCC_WARN_UNUSED_FUNCTION = YES;
				GCC_WARN_UNUSED_VARIABLE = YES;
				HEADER_SEARCH_PATHS = "/Users/jake/Workspace/personal/MoltenVK-Tests";
				INSTALL_PATH = "";
				LD_RUNPATH_SEARCH_PATHS = /Users/jake/Workspace/personal/MoltenVK/MoltenVK/dylib/macOS;
				LIBRARY_SEARCH_PATHS = /Users/jake/Workspace/personal/MoltenVK/MoltenVK/dylib/macOS;
				MACOSX_DEPLOYMENT_TARGET = 11.3;
				MTL_ENABLE_DEBUG_INFO = NO;
				MTL_FAST_MATH = YES;
				PRODUCT_NAME = "$(TARGET_NAME)";
				PROVISIONING_PROFILE_SPECIFIER = "";
				SDKROOT = macosx;
				SYMROOT = "/Users/jake/Workspace/personal/MoltenVK-Tests/build/Release";
				SYSTEM_FRAMEWORK_SEARCH_PATHS = "";
				USER_HEADER_SEARCH_PATHS = ..;
			};
			name = Release;
		};
/* End XCBuildConfiguration section */

/* Begin XCConfigurationList section */
		23197954266F352D00EED288 /* Build configuration list for PBXProject "MoltenVK-Tests" */ = {
			isa = XCConfigurationList;
			buildConfigurations = (
				23197955266F352D00EED288 /* Debug */,
				23197956266F352D00EED288 /* Release */,
			);
			defaultConfigurationIsVisible = 0;
			defaultConfigurationName = Debug;
		};
		23A5355C2674852700E4656A /* Build configuration list for PBXNativeTarget "vk_parameter_zoo" */ = {
			isa = XCConfigurationList;
			buildConfigurations = (
				23A5355A2674852700E4656A /* Debug */,
				23A5355B2674852700E4656A /* Release */,
			);
			defaultConfigurationIsVisible = 0;
			defaultConfigurationName = Debug;
		};
/* End XCConfigurationList section */
	};
	rootObject = 23197951266F352D00EED288 /* Project object */;
}
